
Microsoft Visual Studio Solution File, Format Version 12.00
# Visual Studio Version 17
VisualStudioVersion = 17.5.002.0
MinimumVisualStudioVersion = 10.0.40219.1
Project("{9A19103F-16F7-4668-BE54-9A1E7A4F7556}") = "ICT_BD-Bank_Management_System", "ICT_BD-Bank_Management_System.csproj", "{7CD2A16A-58DC-4F8D-BE89-A0AF50F2D89C}"
EndProject
Global
	GlobalSection(SolutionConfigurationPlatforms) = preSolution
		Debug|Any CPU = Debug|Any CPU
		Release|Any CPU = Release|Any CPU
	EndGlobalSection
	GlobalSection(ProjectConfigurationPlatforms) = postSolution
		{7CD2A16A-58DC-4F8D-BE89-A0AF50F2D89C}.Debug|Any CPU.ActiveCfg = Debug|Any CPU
		{7CD2A16A-58DC-4F8D-BE89-A0AF50F2D89C}.Debug|Any CPU.Build.0 = Debug|Any CPU
		{7CD2A16A-58DC-4F8D-BE89-A0AF50F2D89C}.Release|Any CPU.ActiveCfg = Release|Any CPU
		{7CD2A16A-58DC-4F8D-BE89-A0AF50F2D89C}.Release|Any CPU.Build.0 = Release|Any CPU
	EndGlobalSection
	GlobalSection(SolutionProperties) = preSolution
		HideSolutionNode = FALSE
	EndGlobalSection
	GlobalSection(ExtensibilityGlobals) = postSolution
		SolutionGuid = {4EB97836-543F-466D-9C88-17A9AE8A3B5D}
	EndGlobalSection
EndGlobal
